
Microsoft Visual Studio Solution File, Format Version 12.00
# Visual Studio Version 16
VisualStudioVersion = 16.0.31729.503
MinimumVisualStudioVersion = 10.0.40219.1
Project("{FAE04EC0-301F-11D3-BF4B-00C04F79EFBC}") = "Library", "Library\Library.csproj", "{42870D44-6D02-44C6-B361-B47AF1180904}"
EndProject
Global
	GlobalSection(SolutionConfigurationPlatforms) = preSolution
		Debug|Any CPU = Debug|Any CPU
		Release|Any CPU = Release|Any CPU
	EndGlobalSection
	GlobalSection(ProjectConfigurationPlatforms) = postSolution
		{42870D44-6D02-44C6-B361-B47AF1180904}.Debug|Any CPU.ActiveCfg = Debug|Any CPU
		{42870D44-6D02-44C6-B361-B47AF1180904}.Debug|Any CPU.Build.0 = Debug|Any CPU
		{42870D44-6D02-44C6-B361-B47AF1180904}.Release|Any CPU.ActiveCfg = Release|Any CPU
		{42870D44-6D02-44C6-B361-B47AF1180904}.Release|Any CPU.Build.0 = Release|Any CPU
	EndGlobalSection
	GlobalSection(SolutionProperties) = preSolution
		HideSolutionNode = FALSE
	EndGlobalSection
	GlobalSection(ExtensibilityGlobals) = postSolution
		SolutionGuid = {26D8FC3B-4026-4B7C-AFEF-0745900F99E5}
	EndGlobalSection
EndGlobal
